// !$*UTF8*$!
{
	archiveVersion = 1;
	classes = {
	};
	objectVersion = 50;
	objects = {

/* Begin PBXBuildFile section */
		269E5F3420E40A12005B848E /* AppDelegate.m in Sources */ = {isa = PBXBuildFile; fileRef = 269E5F3320E40A12005B848E /* AppDelegate.m */; };
		269E5F3A20E40A12005B848E /* Main.storyboard in Resources */ = {isa = PBXBuildFile; fileRef = 269E5F3820E40A12005B848E /* Main.storyboard */; };
		269E5F3C20E40A14005B848E /* Assets.xcassets in Resources */ = {isa = PBXBuildFile; fileRef = 269E5F3B20E40A14005B848E /* Assets.xcassets */; };
		269E5F3F20E40A14005B848E /* LaunchScreen.storyboard in Resources */ = {isa = PBXBuildFile; fileRef = 269E5F3D20E40A14005B848E /* LaunchScreen.storyboard */; };
		269E5F4220E40A14005B848E /* main.m in Sources */ = {isa = PBXBuildFile; fileRef = 269E5F4120E40A14005B848E /* main.m */; };
		269E5F4C20E40A14005B848E /* FlixTests.m in Sources */ = {isa = PBXBuildFile; fileRef = 269E5F4B20E40A14005B848E /* FlixTests.m */; };
		269E5F5720E40A14005B848E /* FlixUITests.m in Sources */ = {isa = PBXBuildFile; fileRef = 269E5F5620E40A14005B848E /* FlixUITests.m */; };
		269E5FA420E45E1B005B848E /* MoviesViewController.m in Sources */ = {isa = PBXBuildFile; fileRef = 269E5FA320E45E1B005B848E /* MoviesViewController.m */; };
		269E5FAA20E5769F005B848E /* MovieCell.m in Sources */ = {isa = PBXBuildFile; fileRef = 269E5FA920E5769F005B848E /* MovieCell.m */; };
		2FC466264A6C8ABC60693E66 /* libPods-FlixUITests.a in Frameworks */ = {isa = PBXBuildFile; fileRef = DB86F11C9850807D408A1F93 /* libPods-FlixUITests.a */; };
		447919423FBC02254ABBEF05 /* libPods-FlixTests.a in Frameworks */ = {isa = PBXBuildFile; fileRef = AD8BF6E85329FB128D0492EF /* libPods-FlixTests.a */; };
		D5E3506ED6B257AEC0507956 /* libPods-Flix.a in Frameworks */ = {isa = PBXBuildFile; fileRef = A9FE4E1BDE1DDDB3FF339DCC /* libPods-Flix.a */; };
/* End PBXBuildFile section */

/* Begin PBXContainerItemProxy section */
		269E5F4820E40A14005B848E /* PBXContainerItemProxy */ = {
			isa = PBXContainerItemProxy;
			containerPortal = 269E5F2720E40A12005B848E /* Project object */;
			proxyType = 1;
			remoteGlobalIDString = 269E5F2E20E40A12005B848E;
			remoteInfo = Flix;
		};
		269E5F5320E40A14005B848E /* PBXContainerItemProxy */ = {
			isa = PBXContainerItemProxy;
			containerPortal = 269E5F2720E40A12005B848E /* Project object */;
			proxyType = 1;
			remoteGlobalIDString = 269E5F2E20E40A12005B848E;
			remoteInfo = Flix;
		};
/* End PBXContainerItemProxy section */

/* Begin PBXFileReference section */
		06FFA6C350FAA488905A56C7 /* Pods-FlixUITests.debug.xcconfig */ = {isa = PBXFileReference; includeInIndex = 1; lastKnownFileType = text.xcconfig; name = "Pods-FlixUITests.debug.xcconfig"; path = "Pods/Target Support Files/Pods-FlixUITests/Pods-FlixUITests.debug.xcconfig"; sourceTree = "<group>"; };
		269E5F2F20E40A12005B848E /* Flix.app */ = {isa = PBXFileReference; explicitFileType = wrapper.application; includeInIndex = 0; path = Flix.app; sourceTree = BUILT_PRODUCTS_DIR; };
		269E5F3220E40A12005B848E /* AppDelegate.h */ = {isa = PBXFileReference; lastKnownFileType = sourcecode.c.h; path = AppDelegate.h; sourceTree = "<group>"; };
		269E5F3320E40A12005B848E /* AppDelegate.m */ = {isa = PBXFileReference; lastKnownFileType = sourcecode.c.objc; path = AppDelegate.m; sourceTree = "<group>"; };
		269E5F3920E40A12005B848E /* Base */ = {isa = PBXFileReference; lastKnownFileType = file.storyboard; name = Base; path = Base.lproj/Main.storyboard; sourceTree = "<group>"; };
		269E5F3B20E40A14005B848E /* Assets.xcassets */ = {isa = PBXFileReference; lastKnownFileType = folder.assetcatalog; path = Assets.xcassets; sourceTree = "<group>"; };
		269E5F3E20E40A14005B848E /* Base */ = {isa = PBXFileReference; lastKnownFileType = file.storyboard; name = Base; path = Base.lproj/LaunchScreen.storyboard; sourceTree = "<group>"; };
		269E5F4020E40A14005B848E /* Info.plist */ = {isa = PBXFileReference; lastKnownFileType = text.plist.xml; path = Info.plist; sourceTree = "<group>"; };
		269E5F4120E40A14005B848E /* main.m */ = {isa = PBXFileReference; lastKnownFileType = sourcecode.c.objc; path = main.m; sourceTree = "<group>"; };
		269E5F4720E40A14005B848E /* FlixTests.xctest */ = {isa = PBXFileReference; explicitFileType = wrapper.cfbundle; includeInIndex = 0; path = FlixTests.xctest; sourceTree = BUILT_PRODUCTS_DIR; };
		269E5F4B20E40A14005B848E /* FlixTests.m */ = {isa = PBXFileReference; lastKnownFileType = sourcecode.c.objc; path = FlixTests.m; sourceTree = "<group>"; };
		269E5F4D20E40A14005B848E /* Info.plist */ = {isa = PBXFileReference; lastKnownFileType = text.plist.xml; path = Info.plist; sourceTree = "<group>"; };
		269E5F5220E40A14005B848E /* FlixUITests.xctest */ = {isa = PBXFileReference; explicitFileType = wrapper.cfbundle; includeInIndex = 0; path = FlixUITests.xctest; sourceTree = BUILT_PRODUCTS_DIR; };
		269E5F5620E40A14005B848E /* FlixUITests.m */ = {isa = PBXFileReference; lastKnownFileType = sourcecode.c.objc; path = FlixUITests.m; sourceTree = "<group>"; };
		269E5F5820E40A14005B848E /* Info.plist */ = {isa = PBXFileReference; lastKnownFileType = text.plist.xml; path = Info.plist; sourceTree = "<group>"; };
		269E5FA220E45E1B005B848E /* MoviesViewController.h */ = {isa = PBXFileReference; lastKnownFileType = sourcecode.c.h; path = MoviesViewController.h; sourceTree = "<group>"; };
		269E5FA320E45E1B005B848E /* MoviesViewController.m */ = {isa = PBXFileReference; lastKnownFileType = sourcecode.c.objc; path = MoviesViewController.m; sourceTree = "<group>"; };
		269E5FA820E5769F005B848E /* MovieCell.h */ = {isa = PBXFileReference; lastKnownFileType = sourcecode.c.h; path = MovieCell.h; sourceTree = "<group>"; };
		269E5FA920E5769F005B848E /* MovieCell.m */ = {isa = PBXFileReference; lastKnownFileType = sourcecode.c.objc; path = MovieCell.m; sourceTree = "<group>"; };
		6BB91899D381700159ABB3B5 /* Pods-Flix.release.xcconfig */ = {isa = PBXFileReference; includeInIndex = 1; lastKnownFileType = text.xcconfig; name = "Pods-Flix.release.xcconfig"; path = "Pods/Target Support Files/Pods-Flix/Pods-Flix.release.xcconfig"; sourceTree = "<group>"; };
		A9FE4E1BDE1DDDB3FF339DCC /* libPods-Flix.a */ = {isa = PBXFileReference; explicitFileType = archive.ar; includeInIndex = 0; path = "libPods-Flix.a"; sourceTree = BUILT_PRODUCTS_DIR; };
		AB67E07D441C19621CBDDAE5 /* Pods-FlixUITests.release.xcconfig */ = {isa = PBXFileReference; includeInIndex = 1; lastKnownFileType = text.xcconfig; name = "Pods-FlixUITests.release.xcconfig"; path = "Pods/Target Support Files/Pods-FlixUITests/Pods-FlixUITests.release.xcconfig"; sourceTree = "<group>"; };
		AD8BF6E85329FB128D0492EF /* libPods-FlixTests.a */ = {isa = PBXFileReference; explicitFileType = archive.ar; includeInIndex = 0; path = "libPods-FlixTests.a"; sourceTree = BUILT_PRODUCTS_DIR; };
		CD2BA087EF715D18C51BDFE5 /* Pods-Flix.debug.xcconfig */ = {isa = PBXFileReference; includeInIndex = 1; lastKnownFileType = text.xcconfig; name = "Pods-Flix.debug.xcconfig"; path = "Pods/Target Support Files/Pods-Flix/Pods-Flix.debug.xcconfig"; sourceTree = "<group>"; };
		DB86F11C9850807D408A1F93 /* libPods-FlixUITests.a */ = {isa = PBXFileReference; explicitFileType = archive.ar; includeInIndex = 0; path = "libPods-FlixUITests.a"; sourceTree = BUILT_PRODUCTS_DIR; };
		E1A17F9AA1BB85450AA0E34F /* Pods-FlixTests.release.xcconfig */ = {isa = PBXFileReference; includeInIndex = 1; lastKnownFileType = text.xcconfig; name = "Pods-FlixTests.release.xcconfig"; path = "Pods/Target Support Files/Pods-FlixTests/Pods-FlixTests.release.xcconfig"; sourceTree = "<group>"; };
		E8629822A05ABE8393B19743 /* Pods-FlixTests.debug.xcconfig */ = {isa = PBXFileReference; includeInIndex = 1; lastKnownFileType = text.xcconfig; name = "Pods-FlixTests.debug.xcconfig"; path = "Pods/Target Support Files/Pods-FlixTests/Pods-FlixTests.debug.xcconfig"; sourceTree = "<group>"; };
/* End PBXFileReference section */

/* Begin PBXFrameworksBuildPhase section */
		269E5F2C20E40A12005B848E /* Frameworks */ = {
			isa = PBXFrameworksBuildPhase;
			buildActionMask = 2147483647;
			files = (
				D5E3506ED6B257AEC0507956 /* libPods-Flix.a in Frameworks */,
			);
			runOnlyForDeploymentPostprocessing = 0;
		};
		269E5F4420E40A14005B848E /* Frameworks */ = {
			isa = PBXFrameworksBuildPhase;
			buildActionMask = 2147483647;
			files = (
				447919423FBC02254ABBEF05 /* libPods-FlixTests.a in Frameworks */,
			);
			runOnlyForDeploymentPostprocessing = 0;
		};
		269E5F4F20E40A14005B848E /* Frameworks */ = {
			isa = PBXFrameworksBuildPhase;
			buildActionMask = 2147483647;
			files = (
				2FC466264A6C8ABC60693E66 /* libPods-FlixUITests.a in Frameworks */,
			);
			runOnlyForDeploymentPostprocessing = 0;
		};
/* End PBXFrameworksBuildPhase section */

/* Begin PBXGroup section */
		269E5F2620E40A12005B848E = {
			isa = PBXGroup;
			children = (
				269E5F3120E40A12005B848E /* Flix */,
				269E5F4A20E40A14005B848E /* FlixTests */,
				269E5F5520E40A14005B848E /* FlixUITests */,
				269E5F3020E40A12005B848E /* Products */,
				2B8672703112EA92364460C0 /* Pods */,
				BAC5B5DBED40E53EC6DEA2E0 /* Frameworks */,
			);
			sourceTree = "<group>";
		};
		269E5F3020E40A12005B848E /* Products */ = {
			isa = PBXGroup;
			children = (
				269E5F2F20E40A12005B848E /* Flix.app */,
				269E5F4720E40A14005B848E /* FlixTests.xctest */,
				269E5F5220E40A14005B848E /* FlixUITests.xctest */,
			);
			name = Products;
			sourceTree = "<group>";
		};
		269E5F3120E40A12005B848E /* Flix */ = {
			isa = PBXGroup;
			children = (
				269E5FA720E461C4005B848E /* Models */,
				269E5FA620E461B9005B848E /* ViewControllers */,
				269E5FA520E461B2005B848E /* Views */,
				269E5F3220E40A12005B848E /* AppDelegate.h */,
				269E5F3320E40A12005B848E /* AppDelegate.m */,
				269E5F3820E40A12005B848E /* Main.storyboard */,
				269E5F3B20E40A14005B848E /* Assets.xcassets */,
				269E5F3D20E40A14005B848E /* LaunchScreen.storyboard */,
				269E5F4020E40A14005B848E /* Info.plist */,
				269E5F4120E40A14005B848E /* main.m */,
			);
			path = Flix;
			sourceTree = "<group>";
		};
		269E5F4A20E40A14005B848E /* FlixTests */ = {
			isa = PBXGroup;
			children = (
				269E5F4B20E40A14005B848E /* FlixTests.m */,
				269E5F4D20E40A14005B848E /* Info.plist */,
			);
			path = FlixTests;
			sourceTree = "<group>";
		};
		269E5F5520E40A14005B848E /* FlixUITests */ = {
			isa = PBXGroup;
			children = (
				269E5F5620E40A14005B848E /* FlixUITests.m */,
				269E5F5820E40A14005B848E /* Info.plist */,
			);
			path = FlixUITests;
			sourceTree = "<group>";
		};
		269E5FA520E461B2005B848E /* Views */ = {
			isa = PBXGroup;
			children = (
				269E5FA820E5769F005B848E /* MovieCell.h */,
				269E5FA920E5769F005B848E /* MovieCell.m */,
			);
			path = Views;
			sourceTree = "<group>";
		};
		269E5FA620E461B9005B848E /* ViewControllers */ = {
			isa = PBXGroup;
			children = (
				269E5FA220E45E1B005B848E /* MoviesViewController.h */,
				269E5FA320E45E1B005B848E /* MoviesViewController.m */,
			);
			path = ViewControllers;
			sourceTree = "<group>";
		};
		269E5FA720E461C4005B848E /* Models */ = {
			isa = PBXGroup;
			children = (
			);
			path = Models;
			sourceTree = "<group>";
		};
		2B8672703112EA92364460C0 /* Pods */ = {
			isa = PBXGroup;
			children = (
				CD2BA087EF715D18C51BDFE5 /* Pods-Flix.debug.xcconfig */,
				6BB91899D381700159ABB3B5 /* Pods-Flix.release.xcconfig */,
				E8629822A05ABE8393B19743 /* Pods-FlixTests.debug.xcconfig */,
				E1A17F9AA1BB85450AA0E34F /* Pods-FlixTests.release.xcconfig */,
				06FFA6C350FAA488905A56C7 /* Pods-FlixUITests.debug.xcconfig */,
				AB67E07D441C19621CBDDAE5 /* Pods-FlixUITests.release.xcconfig */,
			);
			name = Pods;
			sourceTree = "<group>";
		};
		BAC5B5DBED40E53EC6DEA2E0 /* Frameworks */ = {
			isa = PBXGroup;
			children = (
				A9FE4E1BDE1DDDB3FF339DCC /* libPods-Flix.a */,
				AD8BF6E85329FB128D0492EF /* libPods-FlixTests.a */,
				DB86F11C9850807D408A1F93 /* libPods-FlixUITests.a */,
			);
			name = Frameworks;
			sourceTree = "<group>";
		};
/* End PBXGroup section */

/* Begin PBXNativeTarget section */
		269E5F2E20E40A12005B848E /* Flix */ = {
			isa = PBXNativeTarget;
			buildConfigurationList = 269E5F5B20E40A14005B848E /* Build configuration list for PBXNativeTarget "Flix" */;
			buildPhases = (
				463C123B2E1717C3A97F8DD5 /* [CP] Check Pods Manifest.lock */,
				269E5F2B20E40A12005B848E /* Sources */,
				269E5F2C20E40A12005B848E /* Frameworks */,
				269E5F2D20E40A12005B848E /* Resources */,
			);
			buildRules = (
			);
			dependencies = (
			);
			name = Flix;
			productName = Flix;
			productReference = 269E5F2F20E40A12005B848E /* Flix.app */;
			productType = "com.apple.product-type.application";
		};
		269E5F4620E40A14005B848E /* FlixTests */ = {
			isa = PBXNativeTarget;
			buildConfigurationList = 269E5F5E20E40A14005B848E /* Build configuration list for PBXNativeTarget "FlixTests" */;
			buildPhases = (
				E9131A540630916CEF441491 /* [CP] Check Pods Manifest.lock */,
				269E5F4320E40A14005B848E /* Sources */,
				269E5F4420E40A14005B848E /* Frameworks */,
				269E5F4520E40A14005B848E /* Resources */,
			);
			buildRules = (
			);
			dependencies = (
				269E5F4920E40A14005B848E /* PBXTargetDependency */,
			);
			name = FlixTests;
			productName = FlixTests;
			productReference = 269E5F4720E40A14005B848E /* FlixTests.xctest */;
			productType = "com.apple.product-type.bundle.unit-test";
		};
		269E5F5120E40A14005B848E /* FlixUITests */ = {
			isa = PBXNativeTarget;
			buildConfigurationList = 269E5F6120E40A14005B848E /* Build configuration list for PBXNativeTarget "FlixUITests" */;
			buildPhases = (
				33FF79967B25AC060E91306D /* [CP] Check Pods Manifest.lock */,
				269E5F4E20E40A14005B848E /* Sources */,
				269E5F4F20E40A14005B848E /* Frameworks */,
				269E5F5020E40A14005B848E /* Resources */,
			);
			buildRules = (
			);
			dependencies = (
				269E5F5420E40A14005B848E /* PBXTargetDependency */,
			);
			name = FlixUITests;
			productName = FlixUITests;
			productReference = 269E5F5220E40A14005B848E /* FlixUITests.xctest */;
			productType = "com.apple.product-type.bundle.ui-testing";
		};
/* End PBXNativeTarget section */

/* Begin PBXProject section */
		269E5F2720E40A12005B848E /* Project object */ = {
			isa = PBXProject;
			attributes = {
				LastUpgradeCheck = 0940;
				ORGANIZATIONNAME = "Ernest Omondi";
				TargetAttributes = {
					269E5F2E20E40A12005B848E = {
						CreatedOnToolsVersion = 9.4.1;
					};
					269E5F4620E40A14005B848E = {
						CreatedOnToolsVersion = 9.4.1;
						TestTargetID = 269E5F2E20E40A12005B848E;
					};
					269E5F5120E40A14005B848E = {
						CreatedOnToolsVersion = 9.4.1;
						TestTargetID = 269E5F2E20E40A12005B848E;
					};
				};
			};
			buildConfigurationList = 269E5F2A20E40A12005B848E /* Build configuration list for PBXProject "Flix" */;
			compatibilityVersion = "Xcode 9.3";
			developmentRegion = en;
			hasScannedForEncodings = 0;
			knownRegions = (
				en,
				Base,
			);
			mainGroup = 269E5F2620E40A12005B848E;
			productRefGroup = 269E5F3020E40A12005B848E /* Products */;
			projectDirPath = "";
			projectRoot = "";
			targets = (
				269E5F2E20E40A12005B848E /* Flix */,
				269E5F4620E40A14005B848E /* FlixTests */,
				269E5F5120E40A14005B848E /* FlixUITests */,
			);
		};
/* End PBXProject section */

/* Begin PBXResourcesBuildPhase section */
		269E5F2D20E40A12005B848E /* Resources */ = {
			isa = PBXResourcesBuildPhase;
			buildActionMask = 2147483647;
			files = (
				269E5F3F20E40A14005B848E /* LaunchScreen.storyboard in Resources */,
				269E5F3C20E40A14005B848E /* Assets.xcassets in Resources */,
				269E5F3A20E40A12005B848E /* Main.storyboard in Resources */,
			);
			runOnlyForDeploymentPostprocessing = 0;
		};
		269E5F4520E40A14005B848E /* Resources */ = {
			isa = PBXResourcesBuildPhase;
			buildActionMask = 2147483647;
			files = (
			);
			runOnlyForDeploymentPostprocessing = 0;
		};
		269E5F5020E40A14005B848E /* Resources */ = {
			isa = PBXResourcesBuildPhase;
			buildActionMask = 2147483647;
			files = (
			);
			runOnlyForDeploymentPostprocessing = 0;
		};
/* End PBXResourcesBuildPhase section */

/* Begin PBXShellScriptBuildPhase section */
		33FF79967B25AC060E91306D /* [CP] Check Pods Manifest.lock */ = {
			isa = PBXShellScriptBuildPhase;
			buildActionMask = 2147483647;
			files = (
			);
			inputPaths = (
				"${PODS_PODFILE_DIR_PATH}/Podfile.lock",
				"${PODS_ROOT}/Manifest.lock",
			);
			name = "[CP] Check Pods Manifest.lock";
			outputPaths = (
				"$(DERIVED_FILE_DIR)/Pods-FlixUITests-checkManifestLockResult.txt",
			);
			runOnlyForDeploymentPostprocessing = 0;
			shellPath = /bin/sh;
			shellScript = "diff \"${PODS_PODFILE_DIR_PATH}/Podfile.lock\" \"${PODS_ROOT}/Manifest.lock\" > /dev/null\nif [ $? != 0 ] ; then\n    # print error to STDERR\n    echo \"error: The sandbox is not in sync with the Podfile.lock. Run 'pod install' or update your CocoaPods installation.\" >&2\n    exit 1\nfi\n# This output is used by Xcode 'outputs' to avoid re-running this script phase.\necho \"SUCCESS\" > \"${SCRIPT_OUTPUT_FILE_0}\"\n";
			showEnvVarsInLog = 0;
		};
		463C123B2E1717C3A97F8DD5 /* [CP] Check Pods Manifest.lock */ = {
			isa = PBXShellScriptBuildPhase;
			buildActionMask = 2147483647;
			files = (
			);
			inputPaths = (
				"${PODS_PODFILE_DIR_PATH}/Podfile.lock",
				"${PODS_ROOT}/Manifest.lock",
			);
			name = "[CP] Check Pods Manifest.lock";
			outputPaths = (
				"$(DERIVED_FILE_DIR)/Pods-Flix-checkManifestLockResult.txt",
			);
			runOnlyForDeploymentPostprocessing = 0;
			shellPath = /bin/sh;
			shellScript = "diff \"${PODS_PODFILE_DIR_PATH}/Podfile.lock\" \"${PODS_ROOT}/Manifest.lock\" > /dev/null\nif [ $? != 0 ] ; then\n    # print error to STDERR\n    echo \"error: The sandbox is not in sync with the Podfile.lock. Run 'pod install' or update your CocoaPods installation.\" >&2\n    exit 1\nfi\n# This output is used by Xcode 'outputs' to avoid re-running this script phase.\necho \"SUCCESS\" > \"${SCRIPT_OUTPUT_FILE_0}\"\n";
			showEnvVarsInLog = 0;
		};
		E9131A540630916CEF441491 /* [CP] Check Pods Manifest.lock */ = {
			isa = PBXShellScriptBuildPhase;
			buildActionMask = 2147483647;
			files = (
			);
			inputPaths = (
				"${PODS_PODFILE_DIR_PATH}/Podfile.lock",
				"${PODS_ROOT}/Manifest.lock",
			);
			name = "[CP] Check Pods Manifest.lock";
			outputPaths = (
				"$(DERIVED_FILE_DIR)/Pods-FlixTests-checkManifestLockResult.txt",
			);
			runOnlyForDeploymentPostprocessing = 0;
			shellPath = /bin/sh;
			shellScript = "diff \"${PODS_PODFILE_DIR_PATH}/Podfile.lock\" \"${PODS_ROOT}/Manifest.lock\" > /dev/null\nif [ $? != 0 ] ; then\n    # print error to STDERR\n    echo \"error: The sandbox is not in sync with the Podfile.lock. Run 'pod install' or update your CocoaPods installation.\" >&2\n    exit 1\nfi\n# This output is used by Xcode 'outputs' to avoid re-running this script phase.\necho \"SUCCESS\" > \"${SCRIPT_OUTPUT_FILE_0}\"\n";
			showEnvVarsInLog = 0;
		};
/* End PBXShellScriptBuildPhase section */

/* Begin PBXSourcesBuildPhase section */
		269E5F2B20E40A12005B848E /* Sources */ = {
			isa = PBXSourcesBuildPhase;
			buildActionMask = 2147483647;
			files = (
				269E5F4220E40A14005B848E /* main.m in Sources */,
				269E5F3420E40A12005B848E /* AppDelegate.m in Sources */,
				269E5FAA20E5769F005B848E /* MovieCell.m in Sources */,
				269E5FA420E45E1B005B848E /* MoviesViewController.m in Sources */,
			);
			runOnlyForDeploymentPostprocessing = 0;
		};
		269E5F4320E40A14005B848E /* Sources */ = {
			isa = PBXSourcesBuildPhase;
			buildActionMask = 2147483647;
			files = (
				269E5F4C20E40A14005B848E /* FlixTests.m in Sources */,
			);
			runOnlyForDeploymentPostprocessing = 0;
		};
		269E5F4E20E40A14005B848E /* Sources */ = {
			isa = PBXSourcesBuildPhase;
			buildActionMask = 2147483647;
			files = (
				269E5F5720E40A14005B848E /* FlixUITests.m in Sources */,
			);
			runOnlyForDeploymentPostprocessing = 0;
		};
/* End PBXSourcesBuildPhase section */

/* Begin PBXTargetDependency section */
		269E5F4920E40A14005B848E /* PBXTargetDependency */ = {
			isa = PBXTargetDependency;
			target = 269E5F2E20E40A12005B848E /* Flix */;
			targetProxy = 269E5F4820E40A14005B848E /* PBXContainerItemProxy */;
		};
		269E5F5420E40A14005B848E /* PBXTargetDependency */ = {
			isa = PBXTargetDependency;
			target = 269E5F2E20E40A12005B848E /* Flix */;
			targetProxy = 269E5F5320E40A14005B848E /* PBXContainerItemProxy */;
		};
/* End PBXTargetDependency section */

/* Begin PBXVariantGroup section */
		269E5F3820E40A12005B848E /* Main.storyboard */ = {
			isa = PBXVariantGroup;
			children = (
				269E5F3920E40A12005B848E /* Base */,
			);
			name = Main.storyboard;
			sourceTree = "<group>";
		};
		269E5F3D20E40A14005B848E /* LaunchScreen.storyboard */ = {
			isa = PBXVariantGroup;
			children = (
				269E5F3E20E40A14005B848E /* Base */,
			);
			name = LaunchScreen.storyboard;
			sourceTree = "<group>";
		};
/* End PBXVariantGroup section */

/* Begin XCBuildConfiguration section */
		269E5F5920E40A14005B848E /* Debug */ = {
			isa = XCBuildConfiguration;
			buildSettings = {
				ALWAYS_SEARCH_USER_PATHS = NO;
				CLANG_ANALYZER_NONNULL = YES;
				CLANG_ANALYZER_NUMBER_OBJECT_CONVERSION = YES_AGGRESSIVE;
				CLANG_CXX_LANGUAGE_STANDARD = "gnu++14";
				CLANG_CXX_LIBRARY = "libc++";
				CLANG_ENABLE_MODULES = YES;
				CLANG_ENABLE_OBJC_ARC = YES;
				CLANG_ENABLE_OBJC_WEAK = YES;
				CLANG_WARN_BLOCK_CAPTURE_AUTORELEASING = YES;
				CLANG_WARN_BOOL_CONVERSION = YES;
				CLANG_WARN_COMMA = YES;
				CLANG_WARN_CONSTANT_CONVERSION = YES;
				CLANG_WARN_DEPRECATED_OBJC_IMPLEMENTATIONS = YES;
				CLANG_WARN_DIRECT_OBJC_ISA_USAGE = YES_ERROR;
				CLANG_WARN_DOCUMENTATION_COMMENTS = YES;
				CLANG_WARN_EMPTY_BODY = YES;
				CLANG_WARN_ENUM_CONVERSION = YES;
				CLANG_WARN_INFINITE_RECURSION = YES;
				CLANG_WARN_INT_CONVERSION = YES;
				CLANG_WARN_NON_LITERAL_NULL_CONVERSION = YES;
				CLANG_WARN_OBJC_IMPLICIT_RETAIN_SELF = YES;
				CLANG_WARN_OBJC_LITERAL_CONVERSION = YES;
				CLANG_WARN_OBJC_ROOT_CLASS = YES_ERROR;
				CLANG_WARN_RANGE_LOOP_ANALYSIS = YES;
				CLANG_WARN_STRICT_PROTOTYPES = YES;
				CLANG_WARN_SUSPICIOUS_MOVE = YES;
				CLANG_WARN_UNGUARDED_AVAILABILITY = YES_AGGRESSIVE;
				CLANG_WARN_UNREACHABLE_CODE = YES;
				CLANG_WARN__DUPLICATE_METHOD_MATCH = YES;
				CODE_SIGN_IDENTITY = "iPhone Developer";
				COPY_PHASE_STRIP = NO;
				DEBUG_INFORMATION_FORMAT = dwarf;
				ENABLE_STRICT_OBJC_MSGSEND = YES;
				ENABLE_TESTABILITY = YES;
				GCC_C_LANGUAGE_STANDARD = gnu11;
				GCC_DYNAMIC_NO_PIC = NO;
				GCC_NO_COMMON_BLOCKS = YES;
				GCC_OPTIMIZATION_LEVEL = 0;
				GCC_PREPROCESSOR_DEFINITIONS = (
					"DEBUG=1",
					"$(inherited)",
				);
				GCC_WARN_64_TO_32_BIT_CONVERSION = YES;
				GCC_WARN_ABOUT_RETURN_TYPE = YES_ERROR;
				GCC_WARN_UNDECLARED_SELECTOR = YES;
				GCC_WARN_UNINITIALIZED_AUTOS = YES_AGGRESSIVE;
				GCC_WARN_UNUSED_FUNCTION = YES;
				GCC_WARN_UNUSED_VARIABLE = YES;
				IPHONEOS_DEPLOYMENT_TARGET = 11.4;
				MTL_ENABLE_DEBUG_INFO = YES;
				ONLY_ACTIVE_ARCH = YES;
				SDKROOT = iphoneos;
			};
			name = Debug;
		};
		269E5F5A20E40A14005B848E /* Release */ = {
			isa = XCBuildConfiguration;
			buildSettings = {
				ALWAYS_SEARCH_USER_PATHS = NO;
				CLANG_ANALYZER_NONNULL = YES;
				CLANG_ANALYZER_NUMBER_OBJECT_CONVERSION = YES_AGGRESSIVE;
				CLANG_CXX_LANGUAGE_STANDARD = "gnu++14";
				CLANG_CXX_LIBRARY = "libc++";
				CLANG_ENABLE_MODULES = YES;
				CLANG_ENABLE_OBJC_ARC = YES;
				CLANG_ENABLE_OBJC_WEAK = YES;
				CLANG_WARN_BLOCK_CAPTURE_AUTORELEASING = YES;
				CLANG_WARN_BOOL_CONVERSION = YES;
				CLANG_WARN_COMMA = YES;
				CLANG_WARN_CONSTANT_CONVERSION = YES;
				CLANG_WARN_DEPRECATED_OBJC_IMPLEMENTATIONS = YES;
				CLANG_WARN_DIRECT_OBJC_ISA_USAGE = YES_ERROR;
				CLANG_WARN_DOCUMENTATION_COMMENTS = YES;
				CLANG_WARN_EMPTY_BODY = YES;
				CLANG_WARN_ENUM_CONVERSION = YES;
				CLANG_WARN_INFINITE_RECURSION = YES;
				CLANG_WARN_INT_CONVERSION = YES;
				CLANG_WARN_NON_LITERAL_NULL_CONVERSION = YES;
				CLANG_WARN_OBJC_IMPLICIT_RETAIN_SELF = YES;
				CLANG_WARN_OBJC_LITERAL_CONVERSION = YES;
				CLANG_WARN_OBJC_ROOT_CLASS = YES_ERROR;
				CLANG_WARN_RANGE_LOOP_ANALYSIS = YES;
				CLANG_WARN_STRICT_PROTOTYPES = YES;
				CLANG_WARN_SUSPICIOUS_MOVE = YES;
				CLANG_WARN_UNGUARDED_AVAILABILITY = YES_AGGRESSIVE;
				CLANG_WARN_UNREACHABLE_CODE = YES;
				CLANG_WARN__DUPLICATE_METHOD_MATCH = YES;
				CODE_SIGN_IDENTITY = "iPhone Developer";
				COPY_PHASE_STRIP = NO;
				DEBUG_INFORMATION_FORMAT = "dwarf-with-dsym";
				ENABLE_NS_ASSERTIONS = NO;
				ENABLE_STRICT_OBJC_MSGSEND = YES;
				GCC_C_LANGUAGE_STANDARD = gnu11;
				GCC_NO_COMMON_BLOCKS = YES;
				GCC_WARN_64_TO_32_BIT_CONVERSION = YES;
				GCC_WARN_ABOUT_RETURN_TYPE = YES_ERROR;
				GCC_WARN_UNDECLARED_SELECTOR = YES;
				GCC_WARN_UNINITIALIZED_AUTOS = YES_AGGRESSIVE;
				GCC_WARN_UNUSED_FUNCTION = YES;
				GCC_WARN_UNUSED_VARIABLE = YES;
				IPHONEOS_DEPLOYMENT_TARGET = 11.4;
				MTL_ENABLE_DEBUG_INFO = NO;
				SDKROOT = iphoneos;
				VALIDATE_PRODUCT = YES;
			};
			name = Release;
		};
		269E5F5C20E40A14005B848E /* Debug */ = {
			isa = XCBuildConfiguration;
			baseConfigurationReference = CD2BA087EF715D18C51BDFE5 /* Pods-Flix.debug.xcconfig */;
			buildSettings = {
				ASSETCATALOG_COMPILER_APPICON_NAME = AppIcon;
				CODE_SIGN_STYLE = Automatic;
				DEVELOPMENT_TEAM = 47ZDXDT6BD;
				INFOPLIST_FILE = Flix/Info.plist;
				LD_RUNPATH_SEARCH_PATHS = (
					"$(inherited)",
					"@executable_path/Frameworks",
				);
				PRODUCT_BUNDLE_IDENTIFIER = com.ochiengernest6.Flix;
				PRODUCT_NAME = "$(TARGET_NAME)";
				TARGETED_DEVICE_FAMILY = "1,2";
			};
			name = Debug;
		};
		269E5F5D20E40A14005B848E /* Release */ = {
			isa = XCBuildConfiguration;
			baseConfigurationReference = 6BB91899D381700159ABB3B5 /* Pods-Flix.release.xcconfig */;
			buildSettings = {
				ASSETCATALOG_COMPILER_APPICON_NAME = AppIcon;
				CODE_SIGN_STYLE = Automatic;
				DEVELOPMENT_TEAM = 47ZDXDT6BD;
				INFOPLIST_FILE = Flix/Info.plist;
				LD_RUNPATH_SEARCH_PATHS = (
					"$(inherited)",
					"@executable_path/Frameworks",
				);
				PRODUCT_BUNDLE_IDENTIFIER = com.ochiengernest6.Flix;
				PRODUCT_NAME = "$(TARGET_NAME)";
				TARGETED_DEVICE_FAMILY = "1,2";
			};
			name = Release;
		};
		269E5F5F20E40A14005B848E /* Debug */ = {
			isa = XCBuildConfiguration;
			baseConfigurationReference = E8629822A05ABE8393B19743 /* Pods-FlixTests.debug.xcconfig */;
			buildSettings = {
				BUNDLE_LOADER = "$(TEST_HOST)";
				CODE_SIGN_STYLE = Automatic;
				DEVELOPMENT_TEAM = 47ZDXDT6BD;
				INFOPLIST_FILE = FlixTests/Info.plist;
				LD_RUNPATH_SEARCH_PATHS = (
					"$(inherited)",
					"@executable_path/Frameworks",
					"@loader_path/Frameworks",
				);
				PRODUCT_BUNDLE_IDENTIFIER = com.ochiengernest6.FlixTests;
				PRODUCT_NAME = "$(TARGET_NAME)";
				TARGETED_DEVICE_FAMILY = "1,2";
				TEST_HOST = "$(BUILT_PRODUCTS_DIR)/Flix.app/Flix";
			};
			name = Debug;
		};
		269E5F6020E40A14005B848E /* Release */ = {
			isa = XCBuildConfiguration;
			baseConfigurationReference = E1A17F9AA1BB85450AA0E34F /* Pods-FlixTests.release.xcconfig */;
			buildSettings = {
				BUNDLE_LOADER = "$(TEST_HOST)";
				CODE_SIGN_STYLE = Automatic;
				DEVELOPMENT_TEAM = 47ZDXDT6BD;
				INFOPLIST_FILE = FlixTests/Info.plist;
				LD_RUNPATH_SEARCH_PATHS = (
					"$(inherited)",
					"@executable_path/Frameworks",
					"@loader_path/Frameworks",
				);
				PRODUCT_BUNDLE_IDENTIFIER = com.ochiengernest6.FlixTests;
				PRODUCT_NAME = "$(TARGET_NAME)";
				TARGETED_DEVICE_FAMILY = "1,2";
				TEST_HOST = "$(BUILT_PRODUCTS_DIR)/Flix.app/Flix";
			};
			name = Release;
		};
		269E5F6220E40A14005B848E /* Debug */ = {
			isa = XCBuildConfiguration;
			baseConfigurationReference = 06FFA6C350FAA488905A56C7 /* Pods-FlixUITests.debug.xcconfig */;
			buildSettings = {
				CODE_SIGN_STYLE = Automatic;
				DEVELOPMENT_TEAM = 47ZDXDT6BD;
				INFOPLIST_FILE = FlixUITests/Info.plist;
				LD_RUNPATH_SEARCH_PATHS = (
					"$(inherited)",
					"@executable_path/Frameworks",
					"@loader_path/Frameworks",
				);
				PRODUCT_BUNDLE_IDENTIFIER = com.ochiengernest6.FlixUITests;
				PRODUCT_NAME = "$(TARGET_NAME)";
				TARGETED_DEVICE_FAMILY = "1,2";
				TEST_TARGET_NAME = Flix;
			};
			name = Debug;
		};
		269E5F6320E40A14005B848E /* Release */ = {
			isa = XCBuildConfiguration;
			baseConfigurationReference = AB67E07D441C19621CBDDAE5 /* Pods-FlixUITests.release.xcconfig */;
			buildSettings = {
				CODE_SIGN_STYLE = Automatic;
				DEVELOPMENT_TEAM = 47ZDXDT6BD;
				INFOPLIST_FILE = FlixUITests/Info.plist;
				LD_RUNPATH_SEARCH_PATHS = (
					"$(inherited)",
					"@executable_path/Frameworks",
					"@loader_path/Frameworks",
				);
				PRODUCT_BUNDLE_IDENTIFIER = com.ochiengernest6.FlixUITests;
				PRODUCT_NAME = "$(TARGET_NAME)";
				TARGETED_DEVICE_FAMILY = "1,2";
				TEST_TARGET_NAME = Flix;
			};
			name = Release;
		};
/* End XCBuildConfiguration section */

/* Begin XCConfigurationList section */
		269E5F2A20E40A12005B848E /* Build configuration list for PBXProject "Flix" */ = {
			isa = XCConfigurationList;
			buildConfigurations = (
				269E5F5920E40A14005B848E /* Debug */,
				269E5F5A20E40A14005B848E /* Release */,
			);
			defaultConfigurationIsVisible = 0;
			defaultConfigurationName = Release;
		};
		269E5F5B20E40A14005B848E /* Build configuration list for PBXNativeTarget "Flix" */ = {
			isa = XCConfigurationList;
			buildConfigurations = (
				269E5F5C20E40A14005B848E /* Debug */,
				269E5F5D20E40A14005B848E /* Release */,
			);
			defaultConfigurationIsVisible = 0;
			defaultConfigurationName = Release;
		};
		269E5F5E20E40A14005B848E /* Build configuration list for PBXNativeTarget "FlixTests" */ = {
			isa = XCConfigurationList;
			buildConfigurations = (
				269E5F5F20E40A14005B848E /* Debug */,
				269E5F6020E40A14005B848E /* Release */,
			);
			defaultConfigurationIsVisible = 0;
			defaultConfigurationName = Release;
		};
		269E5F6120E40A14005B848E /* Build configuration list for PBXNativeTarget "FlixUITests" */ = {
			isa = XCConfigurationList;
			buildConfigurations = (
				269E5F6220E40A14005B848E /* Debug */,
				269E5F6320E40A14005B848E /* Release */,
			);
			defaultConfigurationIsVisible = 0;
			defaultConfigurationName = Release;
		};
/* End XCConfigurationList section */
	};
	rootObject = 269E5F2720E40A12005B848E /* Project object */;
}
